
Microsoft Visual Studio Solution File, Format Version 12.00
# Visual Studio Version 17
VisualStudioVersion = 17.0.31903.59
MinimumVisualStudioVersion = 10.0.40219.1
Project("{FAE04EC0-301F-11D3-BF4B-00C04F79EFBC}") = "PlayerManagerMVC", "PlayerManagerMVC\PlayerManagerMVC.csproj", "{B674DBEB-F70B-44C4-B360-E9503B4ED384}"
EndProject
Project("{FAE04EC0-301F-11D3-BF4B-00C04F79EFBC}") = "GuessTheNumber", "GuessTheNumber\GuessTheNumber.csproj", "{19C0F6F7-73B6-4225-A804-08524DFC02FE}"
EndProject
Project("{FAE04EC0-301F-11D3-BF4B-00C04F79EFBC}") = "PlayerManager4", "PlayerManager4\PlayerManager4.csproj", "{911AB265-AB03-433E-9BE3-BE97F617171C}"
EndProject
Global
	GlobalSection(SolutionConfigurationPlatforms) = preSolution
		Debug|Any CPU = Debug|Any CPU
		Release|Any CPU = Release|Any CPU
	EndGlobalSection
	GlobalSection(SolutionProperties) = preSolution
		HideSolutionNode = FALSE
	EndGlobalSection
	GlobalSection(ProjectConfigurationPlatforms) = postSolution
		{B674DBEB-F70B-44C4-B360-E9503B4ED384}.Debug|Any CPU.ActiveCfg = Debug|Any CPU
		{B674DBEB-F70B-44C4-B360-E9503B4ED384}.Debug|Any CPU.Build.0 = Debug|Any CPU
		{B674DBEB-F70B-44C4-B360-E9503B4ED384}.Release|Any CPU.ActiveCfg = Release|Any CPU
		{B674DBEB-F70B-44C4-B360-E9503B4ED384}.Release|Any CPU.Build.0 = Release|Any CPU
		{19C0F6F7-73B6-4225-A804-08524DFC02FE}.Debug|Any CPU.ActiveCfg = Debug|Any CPU
		{19C0F6F7-73B6-4225-A804-08524DFC02FE}.Debug|Any CPU.Build.0 = Debug|Any CPU
		{19C0F6F7-73B6-4225-A804-08524DFC02FE}.Release|Any CPU.ActiveCfg = Release|Any CPU
		{19C0F6F7-73B6-4225-A804-08524DFC02FE}.Release|Any CPU.Build.0 = Release|Any CPU
		{911AB265-AB03-433E-9BE3-BE97F617171C}.Debug|Any CPU.ActiveCfg = Debug|Any CPU
		{911AB265-AB03-433E-9BE3-BE97F617171C}.Debug|Any CPU.Build.0 = Debug|Any CPU
		{911AB265-AB03-433E-9BE3-BE97F617171C}.Release|Any CPU.ActiveCfg = Release|Any CPU
		{911AB265-AB03-433E-9BE3-BE97F617171C}.Release|Any CPU.Build.0 = Release|Any CPU
	EndGlobalSection
EndGlobal
